
Microsoft Visual Studio Solution File, Format Version 12.00
# Visual Studio Version 16
VisualStudioVersion = 16.0.30503.244
MinimumVisualStudioVersion = 10.0.40219.1
Project("{F2A71F9B-5D33-465A-A702-920D77279786}") = "Nessie", "Nessie\Nessie.fsproj", "{B8B78BB7-065F-4244-9726-3771ED9B78EB}"
EndProject
Global
	GlobalSection(SolutionConfigurationPlatforms) = preSolution
		Debug|Any CPU = Debug|Any CPU
		Release|Any CPU = Release|Any CPU
	EndGlobalSection
	GlobalSection(ProjectConfigurationPlatforms) = postSolution
		{B8B78BB7-065F-4244-9726-3771ED9B78EB}.Debug|Any CPU.ActiveCfg = Debug|Any CPU
		{B8B78BB7-065F-4244-9726-3771ED9B78EB}.Debug|Any CPU.Build.0 = Debug|Any CPU
		{B8B78BB7-065F-4244-9726-3771ED9B78EB}.Release|Any CPU.ActiveCfg = Release|Any CPU
		{B8B78BB7-065F-4244-9726-3771ED9B78EB}.Release|Any CPU.Build.0 = Release|Any CPU
	EndGlobalSection
	GlobalSection(SolutionProperties) = preSolution
		HideSolutionNode = FALSE
	EndGlobalSection
	GlobalSection(ExtensibilityGlobals) = postSolution
		SolutionGuid = {86A053C4-4DE2-43E3-9F22-E3166163E472}
	EndGlobalSection
EndGlobal
